
Microsoft Visual Studio Solution File, Format Version 12.00
# Visual Studio 2012
Project("{FAE04EC0-301F-11D3-BF4B-00C04F79EFBC}") = "SimulatorConsoleApplication", "SimulatorConsoleApplication\SimulatorConsoleApplication.csproj", "{C31EA89B-2A3B-4399-8114-D7814CCB2FCF}"
EndProject
Project("{FAE04EC0-301F-11D3-BF4B-00C04F79EFBC}") = "PlanarMechanismSimulator", "PlanarMechanismSimulator\PlanarMechanismSimulator.csproj", "{6FCC60C6-E639-4DD8-B8A1-F096CED5BA8F}"
EndProject
Project("{FAE04EC0-301F-11D3-BF4B-00C04F79EFBC}") = "ExcelPlanarMechSimulator", "ExcelPlanarMechSimulator\ExcelPlanarMechSimulator.csproj", "{0273A1EF-2543-4117-843F-FBB833B1681C}"
EndProject
Project("{FAE04EC0-301F-11D3-BF4B-00C04F79EFBC}") = "PlanarMechanismSimulator_Silverlight", "Silverlight_PMKS\PlanarMechanismSimulator_Silverlight.csproj", "{86BD7C7A-AE19-4ED2-BE7B-86E30EBB5DE6}"
EndProject
Project("{FAE04EC0-301F-11D3-BF4B-00C04F79EFBC}") = "PMKS_Web", "PMKS_Web\PMKS_Web.csproj", "{8EC9B59A-84E4-4C91-8C14-00CCBB24AE80}"
EndProject
Global
	GlobalSection(SolutionConfigurationPlatforms) = preSolution
		Debug|Any CPU = Debug|Any CPU
		Debug|Mixed Platforms = Debug|Mixed Platforms
		Debug|x64 = Debug|x64
		Debug|x86 = Debug|x86
		Release|Any CPU = Release|Any CPU
		Release|Mixed Platforms = Release|Mixed Platforms
		Release|x64 = Release|x64
		Release|x86 = Release|x86
	EndGlobalSection
	GlobalSection(ProjectConfigurationPlatforms) = postSolution
		{0273A1EF-2543-4117-843F-FBB833B1681C}.Debug|Any CPU.ActiveCfg = Debug|Any CPU
		{0273A1EF-2543-4117-843F-FBB833B1681C}.Debug|Any CPU.Build.0 = Debug|Any CPU
		{0273A1EF-2543-4117-843F-FBB833B1681C}.Debug|Mixed Platforms.ActiveCfg = Debug|Any CPU
		{0273A1EF-2543-4117-843F-FBB833B1681C}.Debug|Mixed Platforms.Build.0 = Debug|Any CPU
		{0273A1EF-2543-4117-843F-FBB833B1681C}.Debug|x64.ActiveCfg = Debug|Any CPU
		{0273A1EF-2543-4117-843F-FBB833B1681C}.Debug|x86.ActiveCfg = Debug|Any CPU
		{0273A1EF-2543-4117-843F-FBB833B1681C}.Release|Any CPU.ActiveCfg = Release|Any CPU
		{0273A1EF-2543-4117-843F-FBB833B1681C}.Release|Any CPU.Build.0 = Release|Any CPU
		{0273A1EF-2543-4117-843F-FBB833B1681C}.Release|Mixed Platforms.ActiveCfg = Release|Any CPU
		{0273A1EF-2543-4117-843F-FBB833B1681C}.Release|Mixed Platforms.Build.0 = Release|Any CPU
		{0273A1EF-2543-4117-843F-FBB833B1681C}.Release|x64.ActiveCfg = Release|Any CPU
		{0273A1EF-2543-4117-843F-FBB833B1681C}.Release|x86.ActiveCfg = Release|Any CPU
		{6FCC60C6-E639-4DD8-B8A1-F096CED5BA8F}.Debug|Any CPU.ActiveCfg = Debug|Any CPU
		{6FCC60C6-E639-4DD8-B8A1-F096CED5BA8F}.Debug|Any CPU.Build.0 = Debug|Any CPU
		{6FCC60C6-E639-4DD8-B8A1-F096CED5BA8F}.Debug|Mixed Platforms.ActiveCfg = Debug|Any CPU
		{6FCC60C6-E639-4DD8-B8A1-F096CED5BA8F}.Debug|Mixed Platforms.Build.0 = Debug|Any CPU
		{6FCC60C6-E639-4DD8-B8A1-F096CED5BA8F}.Debug|x64.ActiveCfg = Debug|Any CPU
		{6FCC60C6-E639-4DD8-B8A1-F096CED5BA8F}.Debug|x86.ActiveCfg = Debug|Any CPU
		{6FCC60C6-E639-4DD8-B8A1-F096CED5BA8F}.Release|Any CPU.ActiveCfg = Release|Any CPU
		{6FCC60C6-E639-4DD8-B8A1-F096CED5BA8F}.Release|Any CPU.Build.0 = Release|Any CPU
		{6FCC60C6-E639-4DD8-B8A1-F096CED5BA8F}.Release|Mixed Platforms.ActiveCfg = Release|Any CPU
		{6FCC60C6-E639-4DD8-B8A1-F096CED5BA8F}.Release|Mixed Platforms.Build.0 = Release|Any CPU
		{6FCC60C6-E639-4DD8-B8A1-F096CED5BA8F}.Release|x64.ActiveCfg = Release|Any CPU
		{6FCC60C6-E639-4DD8-B8A1-F096CED5BA8F}.Release|x86.ActiveCfg = Release|Any CPU
		{86BD7C7A-AE19-4ED2-BE7B-86E30EBB5DE6}.Debug|Any CPU.ActiveCfg = Debug|Any CPU
		{86BD7C7A-AE19-4ED2-BE7B-86E30EBB5DE6}.Debug|Any CPU.Build.0 = Debug|Any CPU
		{86BD7C7A-AE19-4ED2-BE7B-86E30EBB5DE6}.Debug|Mixed Platforms.ActiveCfg = Debug|Any CPU
		{86BD7C7A-AE19-4ED2-BE7B-86E30EBB5DE6}.Debug|Mixed Platforms.Build.0 = Debug|Any CPU
		{86BD7C7A-AE19-4ED2-BE7B-86E30EBB5DE6}.Debug|x64.ActiveCfg = Debug|Any CPU
		{86BD7C7A-AE19-4ED2-BE7B-86E30EBB5DE6}.Debug|x86.ActiveCfg = Debug|Any CPU
		{86BD7C7A-AE19-4ED2-BE7B-86E30EBB5DE6}.Release|Any CPU.ActiveCfg = Release|Any CPU
		{86BD7C7A-AE19-4ED2-BE7B-86E30EBB5DE6}.Release|Any CPU.Build.0 = Release|Any CPU
		{86BD7C7A-AE19-4ED2-BE7B-86E30EBB5DE6}.Release|Mixed Platforms.ActiveCfg = Release|Any CPU
		{86BD7C7A-AE19-4ED2-BE7B-86E30EBB5DE6}.Release|Mixed Platforms.Build.0 = Release|Any CPU
		{86BD7C7A-AE19-4ED2-BE7B-86E30EBB5DE6}.Release|x64.ActiveCfg = Release|Any CPU
		{86BD7C7A-AE19-4ED2-BE7B-86E30EBB5DE6}.Release|x86.ActiveCfg = Release|Any CPU
		{8EC9B59A-84E4-4C91-8C14-00CCBB24AE80}.Debug|Any CPU.ActiveCfg = Debug|Any CPU
		{8EC9B59A-84E4-4C91-8C14-00CCBB24AE80}.Debug|Any CPU.Build.0 = Debug|Any CPU
		{8EC9B59A-84E4-4C91-8C14-00CCBB24AE80}.Debug|Mixed Platforms.ActiveCfg = Debug|Any CPU
		{8EC9B59A-84E4-4C91-8C14-00CCBB24AE80}.Debug|Mixed Platforms.Build.0 = Debug|Any CPU
		{8EC9B59A-84E4-4C91-8C14-00CCBB24AE80}.Debug|x64.ActiveCfg = Debug|Any CPU
		{8EC9B59A-84E4-4C91-8C14-00CCBB24AE80}.Debug|x86.ActiveCfg = Debug|Any CPU
		{8EC9B59A-84E4-4C91-8C14-00CCBB24AE80}.Release|Any CPU.ActiveCfg = Release|Any CPU
		{8EC9B59A-84E4-4C91-8C14-00CCBB24AE80}.Release|Any CPU.Build.0 = Release|Any CPU
		{8EC9B59A-84E4-4C91-8C14-00CCBB24AE80}.Release|Mixed Platforms.ActiveCfg = Release|Any CPU
		{8EC9B59A-84E4-4C91-8C14-00CCBB24AE80}.Release|Mixed Platforms.Build.0 = Release|Any CPU
		{8EC9B59A-84E4-4C91-8C14-00CCBB24AE80}.Release|x64.ActiveCfg = Release|Any CPU
		{8EC9B59A-84E4-4C91-8C14-00CCBB24AE80}.Release|x86.ActiveCfg = Release|Any CPU
		{C31EA89B-2A3B-4399-8114-D7814CCB2FCF}.Debug|Any CPU.ActiveCfg = Debug|Any CPU
		{C31EA89B-2A3B-4399-8114-D7814CCB2FCF}.Debug|Any CPU.Build.0 = Debug|Any CPU
		{C31EA89B-2A3B-4399-8114-D7814CCB2FCF}.Debug|Mixed Platforms.ActiveCfg = Debug|x86
		{C31EA89B-2A3B-4399-8114-D7814CCB2FCF}.Debug|Mixed Platforms.Build.0 = Debug|x86
		{C31EA89B-2A3B-4399-8114-D7814CCB2FCF}.Debug|x64.ActiveCfg = Debug|Any CPU
		{C31EA89B-2A3B-4399-8114-D7814CCB2FCF}.Debug|x86.ActiveCfg = Debug|x86
		{C31EA89B-2A3B-4399-8114-D7814CCB2FCF}.Debug|x86.Build.0 = Debug|x86
		{C31EA89B-2A3B-4399-8114-D7814CCB2FCF}.Release|Any CPU.ActiveCfg = Release|Any CPU
		{C31EA89B-2A3B-4399-8114-D7814CCB2FCF}.Release|Any CPU.Build.0 = Release|Any CPU
		{C31EA89B-2A3B-4399-8114-D7814CCB2FCF}.Release|Mixed Platforms.ActiveCfg = Release|x86
		{C31EA89B-2A3B-4399-8114-D7814CCB2FCF}.Release|Mixed Platforms.Build.0 = Release|x86
		{C31EA89B-2A3B-4399-8114-D7814CCB2FCF}.Release|x64.ActiveCfg = Release|Any CPU
		{C31EA89B-2A3B-4399-8114-D7814CCB2FCF}.Release|x86.ActiveCfg = Release|x86
		{C31EA89B-2A3B-4399-8114-D7814CCB2FCF}.Release|x86.Build.0 = Release|x86
	EndGlobalSection
	GlobalSection(SolutionProperties) = preSolution
		HideSolutionNode = FALSE
	EndGlobalSection
	GlobalSection(ExtensibilityGlobals) = postSolution
		VisualSVNWorkingCopyRoot = .
	EndGlobalSection
EndGlobal
