
Microsoft Visual Studio Solution File, Format Version 12.00
# Visual Studio Version 16
VisualStudioVersion = 16.0.29806.167
MinimumVisualStudioVersion = 10.0.40219.1
Project("{FAE04EC0-301F-11D3-BF4B-00C04F79EFBC}") = "SimulatorConsoleApplication", "SimulatorConsoleApplication\SimulatorConsoleApplication.csproj", "{C31EA89B-2A3B-4399-8114-D7814CCB2FCF}"
EndProject
Project("{FAE04EC0-301F-11D3-BF4B-00C04F79EFBC}") = "ExcelPlanarMechSimulator", "ExcelPlanarMechSimulator\ExcelPlanarMechSimulator.csproj", "{0273A1EF-2543-4117-843F-FBB833B1681C}"
EndProject
Project("{FAE04EC0-301F-11D3-BF4B-00C04F79EFBC}") = "PMKS_Web", "PMKS_Web\PMKS_Web.csproj", "{8EC9B59A-84E4-4C91-8C14-00CCBB24AE80}"
EndProject
Project("{2150E333-8FDC-42A3-9474-1A3956D46DE8}") = "Solution Items", "Solution Items", "{A1B00454-D63E-4C59-B48F-65C81404290B}"
	ProjectSection(SolutionItems) = preProject
		HTMLPage1.html = HTMLPage1.html
	EndProjectSection
EndProject
Project("{FAE04EC0-301F-11D3-BF4B-00C04F79EFBC}") = "PlanarMechanismKinematicSimulator", "PlanarMechanismSimulator\PlanarMechanismKinematicSimulator.csproj", "{DC360453-2427-48DD-AB90-18B3FC1621E1}"
EndProject
Project("{FAE04EC0-301F-11D3-BF4B-00C04F79EFBC}") = "PMKS_OpenSilverApp", "PMKS_OpenSilverApp\PMKS_OpenSilverApp\PMKS_OpenSilverApp.csproj", "{51BB6269-A29B-4557-8F6F-3315DDB23EEC}"
EndProject
Project("{FAE04EC0-301F-11D3-BF4B-00C04F79EFBC}") = "PMKS_OpenSilverApp.Simulator", "PMKS_OpenSilverApp\PMKS_OpenSilverApp.Simulator\PMKS_OpenSilverApp.Simulator.csproj", "{37B4FD42-403E-482E-984E-39D48E36A5C1}"
EndProject
Project("{FAE04EC0-301F-11D3-BF4B-00C04F79EFBC}") = "PMKS_OpenSilverApp.Browser", "PMKS_OpenSilverApp\PMKS_OpenSilverApp.Browser\PMKS_OpenSilverApp.Browser.csproj", "{B2205159-CE37-4B24-A347-ABF0BF889AD1}"
EndProject
Global
	GlobalSection(SolutionConfigurationPlatforms) = preSolution
		Debug|Any CPU = Debug|Any CPU
		Debug|Mixed Platforms = Debug|Mixed Platforms
		Debug|x64 = Debug|x64
		Debug|x86 = Debug|x86
		Release|Any CPU = Release|Any CPU
		Release|Mixed Platforms = Release|Mixed Platforms
		Release|x64 = Release|x64
		Release|x86 = Release|x86
	EndGlobalSection
	GlobalSection(ProjectConfigurationPlatforms) = postSolution
		{C31EA89B-2A3B-4399-8114-D7814CCB2FCF}.Debug|Any CPU.ActiveCfg = Debug|Any CPU
		{C31EA89B-2A3B-4399-8114-D7814CCB2FCF}.Debug|Any CPU.Build.0 = Debug|Any CPU
		{C31EA89B-2A3B-4399-8114-D7814CCB2FCF}.Debug|Mixed Platforms.ActiveCfg = Debug|Any CPU
		{C31EA89B-2A3B-4399-8114-D7814CCB2FCF}.Debug|Mixed Platforms.Build.0 = Debug|Any CPU
		{C31EA89B-2A3B-4399-8114-D7814CCB2FCF}.Debug|x64.ActiveCfg = Debug|Any CPU
		{C31EA89B-2A3B-4399-8114-D7814CCB2FCF}.Debug|x86.ActiveCfg = Debug|x86
		{C31EA89B-2A3B-4399-8114-D7814CCB2FCF}.Debug|x86.Build.0 = Debug|x86
		{C31EA89B-2A3B-4399-8114-D7814CCB2FCF}.Release|Any CPU.ActiveCfg = Release|Any CPU
		{C31EA89B-2A3B-4399-8114-D7814CCB2FCF}.Release|Any CPU.Build.0 = Release|Any CPU
		{C31EA89B-2A3B-4399-8114-D7814CCB2FCF}.Release|Mixed Platforms.ActiveCfg = Release|Any CPU
		{C31EA89B-2A3B-4399-8114-D7814CCB2FCF}.Release|Mixed Platforms.Build.0 = Release|Any CPU
		{C31EA89B-2A3B-4399-8114-D7814CCB2FCF}.Release|x64.ActiveCfg = Release|Any CPU
		{C31EA89B-2A3B-4399-8114-D7814CCB2FCF}.Release|x86.ActiveCfg = Release|x86
		{C31EA89B-2A3B-4399-8114-D7814CCB2FCF}.Release|x86.Build.0 = Release|x86
		{0273A1EF-2543-4117-843F-FBB833B1681C}.Debug|Any CPU.ActiveCfg = Debug|Any CPU
		{0273A1EF-2543-4117-843F-FBB833B1681C}.Debug|Any CPU.Build.0 = Debug|Any CPU
		{0273A1EF-2543-4117-843F-FBB833B1681C}.Debug|Mixed Platforms.ActiveCfg = Debug|Any CPU
		{0273A1EF-2543-4117-843F-FBB833B1681C}.Debug|Mixed Platforms.Build.0 = Debug|Any CPU
		{0273A1EF-2543-4117-843F-FBB833B1681C}.Debug|x64.ActiveCfg = Debug|Any CPU
		{0273A1EF-2543-4117-843F-FBB833B1681C}.Debug|x86.ActiveCfg = Debug|Any CPU
		{0273A1EF-2543-4117-843F-FBB833B1681C}.Release|Any CPU.ActiveCfg = Release|Any CPU
		{0273A1EF-2543-4117-843F-FBB833B1681C}.Release|Any CPU.Build.0 = Release|Any CPU
		{0273A1EF-2543-4117-843F-FBB833B1681C}.Release|Mixed Platforms.ActiveCfg = Release|Any CPU
		{0273A1EF-2543-4117-843F-FBB833B1681C}.Release|Mixed Platforms.Build.0 = Release|Any CPU
		{0273A1EF-2543-4117-843F-FBB833B1681C}.Release|x64.ActiveCfg = Release|Any CPU
		{0273A1EF-2543-4117-843F-FBB833B1681C}.Release|x86.ActiveCfg = Release|Any CPU
		{8EC9B59A-84E4-4C91-8C14-00CCBB24AE80}.Debug|Any CPU.ActiveCfg = Debug|Any CPU
		{8EC9B59A-84E4-4C91-8C14-00CCBB24AE80}.Debug|Any CPU.Build.0 = Debug|Any CPU
		{8EC9B59A-84E4-4C91-8C14-00CCBB24AE80}.Debug|Mixed Platforms.ActiveCfg = Debug|Any CPU
		{8EC9B59A-84E4-4C91-8C14-00CCBB24AE80}.Debug|Mixed Platforms.Build.0 = Debug|Any CPU
		{8EC9B59A-84E4-4C91-8C14-00CCBB24AE80}.Debug|x64.ActiveCfg = Debug|Any CPU
		{8EC9B59A-84E4-4C91-8C14-00CCBB24AE80}.Debug|x86.ActiveCfg = Debug|Any CPU
		{8EC9B59A-84E4-4C91-8C14-00CCBB24AE80}.Release|Any CPU.ActiveCfg = Release|Any CPU
		{8EC9B59A-84E4-4C91-8C14-00CCBB24AE80}.Release|Any CPU.Build.0 = Release|Any CPU
		{8EC9B59A-84E4-4C91-8C14-00CCBB24AE80}.Release|Mixed Platforms.ActiveCfg = Release|Any CPU
		{8EC9B59A-84E4-4C91-8C14-00CCBB24AE80}.Release|Mixed Platforms.Build.0 = Release|Any CPU
		{8EC9B59A-84E4-4C91-8C14-00CCBB24AE80}.Release|x64.ActiveCfg = Release|Any CPU
		{8EC9B59A-84E4-4C91-8C14-00CCBB24AE80}.Release|x86.ActiveCfg = Release|Any CPU
		{DC360453-2427-48DD-AB90-18B3FC1621E1}.Debug|Any CPU.ActiveCfg = Debug|Any CPU
		{DC360453-2427-48DD-AB90-18B3FC1621E1}.Debug|Any CPU.Build.0 = Debug|Any CPU
		{DC360453-2427-48DD-AB90-18B3FC1621E1}.Debug|Mixed Platforms.ActiveCfg = Debug|Any CPU
		{DC360453-2427-48DD-AB90-18B3FC1621E1}.Debug|Mixed Platforms.Build.0 = Debug|Any CPU
		{DC360453-2427-48DD-AB90-18B3FC1621E1}.Debug|x64.ActiveCfg = Debug|Any CPU
		{DC360453-2427-48DD-AB90-18B3FC1621E1}.Debug|x86.ActiveCfg = Debug|Any CPU
		{DC360453-2427-48DD-AB90-18B3FC1621E1}.Release|Any CPU.ActiveCfg = Release|Any CPU
		{DC360453-2427-48DD-AB90-18B3FC1621E1}.Release|Any CPU.Build.0 = Release|Any CPU
		{DC360453-2427-48DD-AB90-18B3FC1621E1}.Release|Mixed Platforms.ActiveCfg = Release|Any CPU
		{DC360453-2427-48DD-AB90-18B3FC1621E1}.Release|Mixed Platforms.Build.0 = Release|Any CPU
		{DC360453-2427-48DD-AB90-18B3FC1621E1}.Release|x64.ActiveCfg = Release|Any CPU
		{DC360453-2427-48DD-AB90-18B3FC1621E1}.Release|x86.ActiveCfg = Release|Any CPU
		{51BB6269-A29B-4557-8F6F-3315DDB23EEC}.Debug|Any CPU.ActiveCfg = Debug|Any CPU
		{51BB6269-A29B-4557-8F6F-3315DDB23EEC}.Debug|Any CPU.Build.0 = Debug|Any CPU
		{51BB6269-A29B-4557-8F6F-3315DDB23EEC}.Debug|Mixed Platforms.ActiveCfg = Debug|Any CPU
		{51BB6269-A29B-4557-8F6F-3315DDB23EEC}.Debug|Mixed Platforms.Build.0 = Debug|Any CPU
		{51BB6269-A29B-4557-8F6F-3315DDB23EEC}.Debug|x64.ActiveCfg = Debug|Any CPU
		{51BB6269-A29B-4557-8F6F-3315DDB23EEC}.Debug|x64.Build.0 = Debug|Any CPU
		{51BB6269-A29B-4557-8F6F-3315DDB23EEC}.Debug|x86.ActiveCfg = Debug|Any CPU
		{51BB6269-A29B-4557-8F6F-3315DDB23EEC}.Debug|x86.Build.0 = Debug|Any CPU
		{51BB6269-A29B-4557-8F6F-3315DDB23EEC}.Release|Any CPU.ActiveCfg = Release|Any CPU
		{51BB6269-A29B-4557-8F6F-3315DDB23EEC}.Release|Any CPU.Build.0 = Release|Any CPU
		{51BB6269-A29B-4557-8F6F-3315DDB23EEC}.Release|Mixed Platforms.ActiveCfg = Release|Any CPU
		{51BB6269-A29B-4557-8F6F-3315DDB23EEC}.Release|Mixed Platforms.Build.0 = Release|Any CPU
		{51BB6269-A29B-4557-8F6F-3315DDB23EEC}.Release|x64.ActiveCfg = Release|Any CPU
		{51BB6269-A29B-4557-8F6F-3315DDB23EEC}.Release|x64.Build.0 = Release|Any CPU
		{51BB6269-A29B-4557-8F6F-3315DDB23EEC}.Release|x86.ActiveCfg = Release|Any CPU
		{51BB6269-A29B-4557-8F6F-3315DDB23EEC}.Release|x86.Build.0 = Release|Any CPU
		{37B4FD42-403E-482E-984E-39D48E36A5C1}.Debug|Any CPU.ActiveCfg = Debug|Any CPU
		{37B4FD42-403E-482E-984E-39D48E36A5C1}.Debug|Any CPU.Build.0 = Debug|Any CPU
		{37B4FD42-403E-482E-984E-39D48E36A5C1}.Debug|Mixed Platforms.ActiveCfg = Debug|Any CPU
		{37B4FD42-403E-482E-984E-39D48E36A5C1}.Debug|Mixed Platforms.Build.0 = Debug|Any CPU
		{37B4FD42-403E-482E-984E-39D48E36A5C1}.Debug|x64.ActiveCfg = Debug|Any CPU
		{37B4FD42-403E-482E-984E-39D48E36A5C1}.Debug|x64.Build.0 = Debug|Any CPU
		{37B4FD42-403E-482E-984E-39D48E36A5C1}.Debug|x86.ActiveCfg = Debug|Any CPU
		{37B4FD42-403E-482E-984E-39D48E36A5C1}.Debug|x86.Build.0 = Debug|Any CPU
		{37B4FD42-403E-482E-984E-39D48E36A5C1}.Release|Any CPU.ActiveCfg = Release|Any CPU
		{37B4FD42-403E-482E-984E-39D48E36A5C1}.Release|Any CPU.Build.0 = Release|Any CPU
		{37B4FD42-403E-482E-984E-39D48E36A5C1}.Release|Mixed Platforms.ActiveCfg = Release|Any CPU
		{37B4FD42-403E-482E-984E-39D48E36A5C1}.Release|Mixed Platforms.Build.0 = Release|Any CPU
		{37B4FD42-403E-482E-984E-39D48E36A5C1}.Release|x64.ActiveCfg = Release|Any CPU
		{37B4FD42-403E-482E-984E-39D48E36A5C1}.Release|x64.Build.0 = Release|Any CPU
		{37B4FD42-403E-482E-984E-39D48E36A5C1}.Release|x86.ActiveCfg = Release|Any CPU
		{37B4FD42-403E-482E-984E-39D48E36A5C1}.Release|x86.Build.0 = Release|Any CPU
		{B2205159-CE37-4B24-A347-ABF0BF889AD1}.Debug|Any CPU.ActiveCfg = Debug|Any CPU
		{B2205159-CE37-4B24-A347-ABF0BF889AD1}.Debug|Any CPU.Build.0 = Debug|Any CPU
		{B2205159-CE37-4B24-A347-ABF0BF889AD1}.Debug|Mixed Platforms.ActiveCfg = Debug|Any CPU
		{B2205159-CE37-4B24-A347-ABF0BF889AD1}.Debug|Mixed Platforms.Build.0 = Debug|Any CPU
		{B2205159-CE37-4B24-A347-ABF0BF889AD1}.Debug|x64.ActiveCfg = Debug|Any CPU
		{B2205159-CE37-4B24-A347-ABF0BF889AD1}.Debug|x64.Build.0 = Debug|Any CPU
		{B2205159-CE37-4B24-A347-ABF0BF889AD1}.Debug|x86.ActiveCfg = Debug|Any CPU
		{B2205159-CE37-4B24-A347-ABF0BF889AD1}.Debug|x86.Build.0 = Debug|Any CPU
		{B2205159-CE37-4B24-A347-ABF0BF889AD1}.Release|Any CPU.ActiveCfg = Release|Any CPU
		{B2205159-CE37-4B24-A347-ABF0BF889AD1}.Release|Any CPU.Build.0 = Release|Any CPU
		{B2205159-CE37-4B24-A347-ABF0BF889AD1}.Release|Mixed Platforms.ActiveCfg = Release|Any CPU
		{B2205159-CE37-4B24-A347-ABF0BF889AD1}.Release|Mixed Platforms.Build.0 = Release|Any CPU
		{B2205159-CE37-4B24-A347-ABF0BF889AD1}.Release|x64.ActiveCfg = Release|Any CPU
		{B2205159-CE37-4B24-A347-ABF0BF889AD1}.Release|x64.Build.0 = Release|Any CPU
		{B2205159-CE37-4B24-A347-ABF0BF889AD1}.Release|x86.ActiveCfg = Release|Any CPU
		{B2205159-CE37-4B24-A347-ABF0BF889AD1}.Release|x86.Build.0 = Release|Any CPU
	EndGlobalSection
	GlobalSection(SolutionProperties) = preSolution
		HideSolutionNode = FALSE
	EndGlobalSection
	GlobalSection(ExtensibilityGlobals) = postSolution
		VisualSVNWorkingCopyRoot = .
		SolutionGuid = {8A15176B-CAFD-4A18-8777-B27F1AD05480}
	EndGlobalSection
EndGlobal
